
Microsoft Visual Studio Solution File, Format Version 12.00
# Visual Studio Version 17
VisualStudioVersion = 17.0.31903.59
MinimumVisualStudioVersion = 10.0.40219.1
Project("{FAE04EC0-301F-11D3-BF4B-00C04F79EFBC}") = "Rule34Gallery.Core", "Rule34Gallery.Core\Rule34Gallery.Core.csproj", "{584E883A-8C6D-4219-A291-7A6A902F0B08}"
EndProject
Project("{FAE04EC0-301F-11D3-BF4B-00C04F79EFBC}") = "Rule34GalleryApp", "Rule34GalleryApp\Rule34GalleryApp.csproj", "{C6E45CFD-9CF8-4F79-8D25-D5B2F4AB5758}"
EndProject
Project("{FAE04EC0-301F-11D3-BF4B-00C04F79EFBC}") = "Rule34Gallery.Maui", "Rule34Gallery.Maui\Rule34Gallery.Maui.csproj", "{9C1C4AE4-9C85-4F62-80A4-A6BCC9A745FA}"
EndProject
Global
	GlobalSection(SolutionConfigurationPlatforms) = preSolution
		Debug|Any CPU = Debug|Any CPU
		Release|Any CPU = Release|Any CPU
	EndGlobalSection
	GlobalSection(SolutionProperties) = preSolution
		HideSolutionNode = FALSE
	EndGlobalSection
	GlobalSection(ProjectConfigurationPlatforms) = postSolution
		{584E883A-8C6D-4219-A291-7A6A902F0B08}.Debug|Any CPU.ActiveCfg = Debug|Any CPU
		{584E883A-8C6D-4219-A291-7A6A902F0B08}.Debug|Any CPU.Build.0 = Debug|Any CPU
		{584E883A-8C6D-4219-A291-7A6A902F0B08}.Release|Any CPU.ActiveCfg = Release|Any CPU
		{584E883A-8C6D-4219-A291-7A6A902F0B08}.Release|Any CPU.Build.0 = Release|Any CPU
		{C6E45CFD-9CF8-4F79-8D25-D5B2F4AB5758}.Debug|Any CPU.ActiveCfg = Debug|Any CPU
		{C6E45CFD-9CF8-4F79-8D25-D5B2F4AB5758}.Debug|Any CPU.Build.0 = Debug|Any CPU
		{C6E45CFD-9CF8-4F79-8D25-D5B2F4AB5758}.Release|Any CPU.ActiveCfg = Release|Any CPU
		{C6E45CFD-9CF8-4F79-8D25-D5B2F4AB5758}.Release|Any CPU.Build.0 = Release|Any CPU
		{9C1C4AE4-9C85-4F62-80A4-A6BCC9A745FA}.Debug|Any CPU.ActiveCfg = Debug|Any CPU
		{9C1C4AE4-9C85-4F62-80A4-A6BCC9A745FA}.Debug|Any CPU.Build.0 = Debug|Any CPU
		{9C1C4AE4-9C85-4F62-80A4-A6BCC9A745FA}.Release|Any CPU.ActiveCfg = Release|Any CPU
		{9C1C4AE4-9C85-4F62-80A4-A6BCC9A745FA}.Release|Any CPU.Build.0 = Release|Any CPU
	EndGlobalSection
EndGlobal
